{
    "name": "ags-config",
    "version": "1.0.0",
    "lockfileVersion": 3,
    "requires": true,
    "packages": {
        "": {
            "name": "ags-config",
            "version": "1.0.0",
            "dependencies": {
                "groq-sdk": "^0.4.0"
            },
            "devDependencies": {
                "@girs/dbusmenugtk3-0.4": "^0.4.0-3.2.6",
                "@girs/gobject-2.0": "^2.78.0-3.2.6",
                "@girs/gtk-3.0": "^3.24.38-3.2.6",
                "@girs/gvc-1.0": "^1.0.0-3.2.6",
                "@girs/nm-1.0": "^1.45.1-3.2.6"
            }
        },
        "node_modules/@girs/atk-1.0": {
            "version": "2.50.0-3.2.7",
            "resolved": "https://registry.npmjs.org/@girs/atk-1.0/-/atk-1.0-2.50.0-3.2.7.tgz",
            "integrity": "sha512-4HBiLdINigopQksxhZCToRHPh2oUjL32ogZ/JzHqrxB+SMF3wSNS2nuyRI/RRhx0wDIrq+8H9PgQ1gzsbhxdWg==",
            "dev": true,
            "dependencies": {
                "@girs/gjs": "^3.2.7",
                "@girs/glib-2.0": "^2.78.0-3.2.7",
                "@girs/gobject-2.0": "^2.78.0-3.2.7"
            }
        },
        "node_modules/@girs/cairo-1.0": {
            "version": "1.0.0-3.2.7",
            "resolved": "https://registry.npmjs.org/@girs/cairo-1.0/-/cairo-1.0-1.0.0-3.2.7.tgz",
            "integrity": "sha512-WeAyTY8tUoVe8W1IDbxOYDczWyUotg/7sjzWPv5TXQJJAe3vZ6TfkYPSIlnQHkQ43XfWhSa0JA2s5Oitttdu0g==",
            "dev": true,
            "dependencies": {
                "@girs/gjs": "^3.2.7",
                "@girs/glib-2.0": "^2.78.0-3.2.7",
                "@girs/gobject-2.0": "^2.78.0-3.2.7"
            }
        },
        "node_modules/@girs/dbusmenu-0.4": {
            "version": "0.4.0-3.2.7",
            "resolved": "https://registry.npmjs.org/@girs/dbusmenu-0.4/-/dbusmenu-0.4-0.4.0-3.2.7.tgz",
            "integrity": "sha512-an1dfWFolB7hLvjiiaS0P9z2FcjylCiGrn3KpAr/h3AKX64ayVjYCiuVpGv/VYBrO8XjfruYKVah2jRM8qrIEQ==",
            "dev": true,
            "dependencies": {
                "@girs/gjs": "^3.2.7",
                "@girs/glib-2.0": "^2.78.0-3.2.7",
                "@girs/gobject-2.0": "^2.78.0-3.2.7"
            }
        },
        "node_modules/@girs/dbusmenugtk3-0.4": {
            "version": "0.4.0-3.2.7",
            "resolved": "https://registry.npmjs.org/@girs/dbusmenugtk3-0.4/-/dbusmenugtk3-0.4-0.4.0-3.2.7.tgz",
            "integrity": "sha512-0R2j3/nyaZmzV2IF5T0jZZFiiFGiZhS24To3ameYv2w3Ez75pcuCg2JlNbO+V3CdOsCUNmAZMowCN5HL8zavMw==",
            "dev": true,
            "dependencies": {
                "@girs/atk-1.0": "^2.50.0-3.2.7",
                "@girs/cairo-1.0": "^1.0.0-3.2.7",
                "@girs/dbusmenu-0.4": "^0.4.0-3.2.7",
                "@girs/freetype2-2.0": "^2.0.0-3.2.7",
                "@girs/gdk-3.0": "^3.24.38-3.2.7",
                "@girs/gdkpixbuf-2.0": "^2.0.0-3.2.7",
                "@girs/gio-2.0": "^2.78.0-3.2.7",
                "@girs/gjs": "^3.2.7",
                "@girs/glib-2.0": "^2.78.0-3.2.7",
                "@girs/gmodule-2.0": "^2.0.0-3.2.7",
                "@girs/gobject-2.0": "^2.78.0-3.2.7",
                "@girs/gtk-3.0": "^3.24.38-3.2.7",
                "@girs/harfbuzz-0.0": "^8.2.1-3.2.7",
                "@girs/pango-1.0": "^1.51.0-3.2.7",
                "@girs/xlib-2.0": "^2.0.0-3.2.7"
            }
        },
        "node_modules/@girs/freetype2-2.0": {
            "version": "2.0.0-3.2.7",
            "resolved": "https://registry.npmjs.org/@girs/freetype2-2.0/-/freetype2-2.0-2.0.0-3.2.7.tgz",
            "integrity": "sha512-oapcm7uCVWyL9N7VHuBOxbCWTa9QoF1EX6DFAwpGK4gwVrkjedZ4kZuxtza1gsZrkmYlWNK66H7YShFHgUWdPw==",
            "dev": true,
            "dependencies": {
                "@girs/gjs": "^3.2.7",
                "@girs/gobject-2.0": "^2.78.0-3.2.7"
            }
        },
        "node_modules/@girs/gdk-3.0": {
            "version": "3.24.38-3.2.7",
            "resolved": "https://registry.npmjs.org/@girs/gdk-3.0/-/gdk-3.0-3.24.38-3.2.7.tgz",
            "integrity": "sha512-WEQji730jgaNbQh3g0Vhuq6TvZz16ysgt+FAuNHB2I+9lKVbb8xBNg5VOe2uqRFSKQ4/Rt+RN0U36rFFyo8M6A==",
            "dev": true,
            "dependencies": {
                "@girs/cairo-1.0": "^1.0.0-3.2.7",
                "@girs/freetype2-2.0": "^2.0.0-3.2.7",
                "@girs/gdkpixbuf-2.0": "^2.0.0-3.2.7",
                "@girs/gio-2.0": "^2.78.0-3.2.7",
                "@girs/gjs": "^3.2.7",
                "@girs/glib-2.0": "^2.78.0-3.2.7",
                "@girs/gmodule-2.0": "^2.0.0-3.2.7",
                "@girs/gobject-2.0": "^2.78.0-3.2.7",
                "@girs/harfbuzz-0.0": "^8.2.1-3.2.7",
                "@girs/pango-1.0": "^1.51.0-3.2.7"
            }
        },
        "node_modules/@girs/gdkpixbuf-2.0": {
            "version": "2.0.0-3.2.7",
            "resolved": "https://registry.npmjs.org/@girs/gdkpixbuf-2.0/-/gdkpixbuf-2.0-2.0.0-3.2.7.tgz",
            "integrity": "sha512-/POHLvRlJ6QYO8Wkrj2PDQT2lYh1vJFOHcfWd/yhtr7P3WWKGqOEG5NJAg81bMG8UIZOrc00HALXfCgbAalKGg==",
            "dev": true,
            "dependencies": {
                "@girs/gio-2.0": "^2.78.0-3.2.7",
                "@girs/gjs": "^3.2.7",
                "@girs/glib-2.0": "^2.78.0-3.2.7",
                "@girs/gmodule-2.0": "^2.0.0-3.2.7",
                "@girs/gobject-2.0": "^2.78.0-3.2.7"
            }
        },
        "node_modules/@girs/gio-2.0": {
            "version": "2.78.0-3.2.7",
            "resolved": "https://registry.npmjs.org/@girs/gio-2.0/-/gio-2.0-2.78.0-3.2.7.tgz",
            "integrity": "sha512-88GNniBwxAsXrfA+T1wNUxoQk8HivDZUVq1KF3ZsomrQyRDcwCgQLcLyC6c5ZAkg6xwnHZmTIWoYgITiee/lLA==",
            "dev": true,
            "dependencies": {
                "@girs/gjs": "^3.2.7",
                "@girs/glib-2.0": "^2.78.0-3.2.7",
                "@girs/gobject-2.0": "^2.78.0-3.2.7"
            }
        },
        "node_modules/@girs/gjs": {
            "version": "3.2.7",
            "resolved": "https://registry.npmjs.org/@girs/gjs/-/gjs-3.2.7.tgz",
            "integrity": "sha512-gaZLkffVm2e5zvyyGNcDgFgyL5WaHZWUr0XBLtuKEM17/qA4udZQRif7HkW//PG8T2AQpuOfSdRj7uJrItykNw==",
            "dev": true,
            "dependencies": {
                "@girs/glib-2.0": "^2.78.0-3.2.7",
                "@girs/gobject-2.0": "^2.78.0-3.2.7"
            }
        },
        "node_modules/@girs/glib-2.0": {
            "version": "2.78.0-3.2.7",
            "resolved": "https://registry.npmjs.org/@girs/glib-2.0/-/glib-2.0-2.78.0-3.2.7.tgz",
            "integrity": "sha512-h1zGUd58VnQn93Xws91E0mwio8weBWdqDn6sm5Q0xzPmhGGH8+9h/z9JGc7YKj32PnlWrPJ8r9lxeyvO57zT6A==",
            "dev": true,
            "dependencies": {
                "@girs/gjs": "^3.2.7",
                "@girs/gobject-2.0": "^2.78.0-3.2.7"
            }
        },
        "node_modules/@girs/gmodule-2.0": {
            "version": "2.0.0-3.2.7",
            "resolved": "https://registry.npmjs.org/@girs/gmodule-2.0/-/gmodule-2.0-2.0.0-3.2.7.tgz",
            "integrity": "sha512-7B+rAZ6grSYwSOz2p4h8hSKoK5QIuSVHEM7qGUTC6qpPiLvREcaBNGJSGgAMgxtRhyXPYVsUyLhMgUokrFUC+g==",
            "dev": true,
            "dependencies": {
                "@girs/gjs": "^3.2.7",
                "@girs/glib-2.0": "^2.78.0-3.2.7",
                "@girs/gobject-2.0": "^2.78.0-3.2.7"
            }
        },
        "node_modules/@girs/gobject-2.0": {
            "version": "2.78.0-3.2.7",
            "resolved": "https://registry.npmjs.org/@girs/gobject-2.0/-/gobject-2.0-2.78.0-3.2.7.tgz",
            "integrity": "sha512-BSYxXv4NHZS7ANo0up8N9Dfl3FysIxqsUXmHAMmVkUNdNPfaRyiXnSBiFYzkFdkHQFDoQhM5+RsXz4R94ZLlsw==",
            "dev": true,
            "dependencies": {
                "@girs/gjs": "^3.2.7",
                "@girs/glib-2.0": "^2.78.0-3.2.7"
            }
        },
        "node_modules/@girs/gtk-3.0": {
            "version": "3.24.38-3.2.7",
            "resolved": "https://registry.npmjs.org/@girs/gtk-3.0/-/gtk-3.0-3.24.38-3.2.7.tgz",
            "integrity": "sha512-30abOOkD9YzURYgcKLlMs4auNgYbp8SxH5JdKfOmV0v8P5jEO+0rV8riJZn7bAQKIrl8Y5fGvqwx/yl/UVpVig==",
            "dev": true,
            "dependencies": {
                "@girs/atk-1.0": "^2.50.0-3.2.7",
                "@girs/cairo-1.0": "^1.0.0-3.2.7",
                "@girs/freetype2-2.0": "^2.0.0-3.2.7",
                "@girs/gdk-3.0": "^3.24.38-3.2.7",
                "@girs/gdkpixbuf-2.0": "^2.0.0-3.2.7",
                "@girs/gio-2.0": "^2.78.0-3.2.7",
                "@girs/gjs": "^3.2.7",
                "@girs/glib-2.0": "^2.78.0-3.2.7",
                "@girs/gmodule-2.0": "^2.0.0-3.2.7",
                "@girs/gobject-2.0": "^2.78.0-3.2.7",
                "@girs/harfbuzz-0.0": "^8.2.1-3.2.7",
                "@girs/pango-1.0": "^1.51.0-3.2.7",
                "@girs/xlib-2.0": "^2.0.0-3.2.7"
            }
        },
        "node_modules/@girs/gvc-1.0": {
            "version": "1.0.0-3.2.7",
            "resolved": "https://registry.npmjs.org/@girs/gvc-1.0/-/gvc-1.0-1.0.0-3.2.7.tgz",
            "integrity": "sha512-5B6YxXRzqo6JbZg4B8KtEOEsUhfEZYo9yESgf95lhWeUXpS6JjJFg/lQ85E/KFDQmKtAJ/UYglmLa8omVvH5DA==",
            "dev": true,
            "dependencies": {
                "@girs/gio-2.0": "^2.78.0-3.2.7",
                "@girs/gjs": "^3.2.7",
                "@girs/glib-2.0": "^2.78.0-3.2.7",
                "@girs/gobject-2.0": "^2.78.0-3.2.7"
            }
        },
        "node_modules/@girs/harfbuzz-0.0": {
            "version": "8.2.1-3.2.7",
            "resolved": "https://registry.npmjs.org/@girs/harfbuzz-0.0/-/harfbuzz-0.0-8.2.1-3.2.7.tgz",
            "integrity": "sha512-2ISw/O1eW90P2jeeFuTZRBE6+z/VWCWCaYZOMTTDaF498PGljKtuexm0e5BEzVrbayU7EgSHhqxfnfpsgI2+eQ==",
            "dev": true,
            "dependencies": {
                "@girs/freetype2-2.0": "^2.0.0-3.2.7",
                "@girs/gjs": "^3.2.7",
                "@girs/glib-2.0": "^2.78.0-3.2.7",
                "@girs/gobject-2.0": "^2.78.0-3.2.7"
            }
        },
        "node_modules/@girs/nm-1.0": {
            "version": "1.45.1-3.2.7",
            "resolved": "https://registry.npmjs.org/@girs/nm-1.0/-/nm-1.0-1.45.1-3.2.7.tgz",
            "integrity": "sha512-UCES5B76liszdKvHgFPRSThGHENxBCXb/QurNkJyqPRB6QvIC7NpenRX0oig3S62LbPNFCUNskGMw8Yt3pZwtg==",
            "dev": true,
            "dependencies": {
                "@girs/gio-2.0": "^2.78.0-3.2.7",
                "@girs/gjs": "^3.2.7",
                "@girs/glib-2.0": "^2.78.0-3.2.7",
                "@girs/gobject-2.0": "^2.78.0-3.2.7"
            }
        },
        "node_modules/@girs/pango-1.0": {
            "version": "1.51.0-3.2.7",
            "resolved": "https://registry.npmjs.org/@girs/pango-1.0/-/pango-1.0-1.51.0-3.2.7.tgz",
            "integrity": "sha512-wxVVMrZnaWkgBmvTM4rWE20whh0CTRiXINgmK9V2NOdJHUUD3HqIvRxChG6YJmXQcb9h4Gcgpr+OyP34IgP2Sg==",
            "dev": true,
            "dependencies": {
                "@girs/cairo-1.0": "^1.0.0-3.2.7",
                "@girs/freetype2-2.0": "^2.0.0-3.2.7",
                "@girs/gio-2.0": "^2.78.0-3.2.7",
                "@girs/gjs": "^3.2.7",
                "@girs/glib-2.0": "^2.78.0-3.2.7",
                "@girs/gobject-2.0": "^2.78.0-3.2.7",
                "@girs/harfbuzz-0.0": "^8.2.1-3.2.7"
            }
        },
        "node_modules/@girs/xlib-2.0": {
            "version": "2.0.0-3.2.7",
            "resolved": "https://registry.npmjs.org/@girs/xlib-2.0/-/xlib-2.0-2.0.0-3.2.7.tgz",
            "integrity": "sha512-c4+y9V1BN7u0o2ijVuvT9WzEt7IvSJW/Dt4N7qQdTWfLnsQABPMnLuKQsZ6GRqPWBt+JBH0sOSR0tHBMLATC0g==",
            "dev": true,
            "dependencies": {
                "@girs/gjs": "^3.2.7",
                "@girs/gobject-2.0": "^2.78.0-3.2.7"
            }
        },
        "node_modules/@types/node": {
            "version": "18.19.34",
            "resolved": "https://registry.npmjs.org/@types/node/-/node-18.19.34.tgz",
            "integrity": "sha512-eXF4pfBNV5DAMKGbI02NnDtWrQ40hAN558/2vvS4gMpMIxaf6JmD7YjnZbq0Q9TDSSkKBamime8ewRoomHdt4g==",
            "license": "MIT",
            "dependencies": {
                "undici-types": "~5.26.4"
            }
        },
        "node_modules/@types/node-fetch": {
            "version": "2.6.11",
            "resolved": "https://registry.npmjs.org/@types/node-fetch/-/node-fetch-2.6.11.tgz",
            "integrity": "sha512-24xFj9R5+rfQJLRyM56qh+wnVSYhyXC2tkoBndtY0U+vubqNsYXGjufB2nn8Q6gt0LrARwL6UBtMCSVCwl4B1g==",
            "license": "MIT",
            "dependencies": {
                "@types/node": "*",
                "form-data": "^4.0.0"
            }
        },
        "node_modules/abort-controller": {
            "version": "3.0.0",
            "resolved": "https://registry.npmjs.org/abort-controller/-/abort-controller-3.0.0.tgz",
            "integrity": "sha512-h8lQ8tacZYnR3vNQTgibj+tODHI5/+l06Au2Pcriv/Gmet0eaj4TwWH41sO9wnHDiQsEj19q0drzdWdeAHtweg==",
            "license": "MIT",
            "dependencies": {
                "event-target-shim": "^5.0.0"
            },
            "engines": {
                "node": ">=6.5"
            }
        },
        "node_modules/agentkeepalive": {
            "version": "4.5.0",
            "resolved": "https://registry.npmjs.org/agentkeepalive/-/agentkeepalive-4.5.0.tgz",
            "integrity": "sha512-5GG/5IbQQpC9FpkRGsSvZI5QYeSCzlJHdpBQntCsuTOxhKD8lqKhrleg2Yi7yvMIf82Ycmmqln9U8V9qwEiJew==",
            "license": "MIT",
            "dependencies": {
                "humanize-ms": "^1.2.1"
            },
            "engines": {
                "node": ">= 8.0.0"
            }
        },
        "node_modules/asynckit": {
            "version": "0.4.0",
            "resolved": "https://registry.npmjs.org/asynckit/-/asynckit-0.4.0.tgz",
            "integrity": "sha512-Oei9OH4tRh0YqU3GxhX79dM/mwVgvbZJaSNaRk+bshkj0S5cfHcgYakreBjrHwatXKbz+IoIdYLxrKim2MjW0Q==",
            "license": "MIT"
        },
        "node_modules/combined-stream": {
            "version": "1.0.8",
            "resolved": "https://registry.npmjs.org/combined-stream/-/combined-stream-1.0.8.tgz",
            "integrity": "sha512-FQN4MRfuJeHf7cBbBMJFXhKSDq+2kAArBlmRBvcvFE5BB1HZKXtSFASDhdlz9zOYwxh8lDdnvmMOe/+5cdoEdg==",
            "license": "MIT",
            "dependencies": {
                "delayed-stream": "~1.0.0"
            },
            "engines": {
                "node": ">= 0.8"
            }
        },
        "node_modules/delayed-stream": {
            "version": "1.0.0",
            "resolved": "https://registry.npmjs.org/delayed-stream/-/delayed-stream-1.0.0.tgz",
            "integrity": "sha512-ZySD7Nf91aLB0RxL4KGrKHBXl7Eds1DAmEdcoVawXnLD7SDhpNgtuII2aAkg7a7QS41jxPSZ17p4VdGnMHk3MQ==",
            "license": "MIT",
            "engines": {
                "node": ">=0.4.0"
            }
        },
        "node_modules/event-target-shim": {
            "version": "5.0.1",
            "resolved": "https://registry.npmjs.org/event-target-shim/-/event-target-shim-5.0.1.tgz",
            "integrity": "sha512-i/2XbnSz/uxRCU6+NdVJgKWDTM427+MqYbkQzD321DuCQJUqOuJKIA0IM2+W2xtYHdKOmZ4dR6fExsd4SXL+WQ==",
            "license": "MIT",
            "engines": {
                "node": ">=6"
            }
        },
        "node_modules/form-data": {
            "version": "4.0.0",
            "resolved": "https://registry.npmjs.org/form-data/-/form-data-4.0.0.tgz",
            "integrity": "sha512-ETEklSGi5t0QMZuiXoA/Q6vcnxcLQP5vdugSpuAyi6SVGi2clPPp+xgEhuMaHC+zGgn31Kd235W35f7Hykkaww==",
            "license": "MIT",
            "dependencies": {
                "asynckit": "^0.4.0",
                "combined-stream": "^1.0.8",
                "mime-types": "^2.1.12"
            },
            "engines": {
                "node": ">= 6"
            }
        },
        "node_modules/form-data-encoder": {
            "version": "1.7.2",
            "resolved": "https://registry.npmjs.org/form-data-encoder/-/form-data-encoder-1.7.2.tgz",
            "integrity": "sha512-qfqtYan3rxrnCk1VYaA4H+Ms9xdpPqvLZa6xmMgFvhO32x7/3J/ExcTd6qpxM0vH2GdMI+poehyBZvqfMTto8A==",
            "license": "MIT"
        },
        "node_modules/formdata-node": {
            "version": "4.4.1",
            "resolved": "https://registry.npmjs.org/formdata-node/-/formdata-node-4.4.1.tgz",
            "integrity": "sha512-0iirZp3uVDjVGt9p49aTaqjk84TrglENEDuqfdlZQ1roC9CWlPk6Avf8EEnZNcAqPonwkG35x4n3ww/1THYAeQ==",
            "license": "MIT",
            "dependencies": {
                "node-domexception": "1.0.0",
                "web-streams-polyfill": "4.0.0-beta.3"
            },
            "engines": {
                "node": ">= 12.20"
            }
        },
        "node_modules/formdata-node/node_modules/web-streams-polyfill": {
            "version": "4.0.0-beta.3",
            "resolved": "https://registry.npmjs.org/web-streams-polyfill/-/web-streams-polyfill-4.0.0-beta.3.tgz",
            "integrity": "sha512-QW95TCTaHmsYfHDybGMwO5IJIM93I/6vTRk+daHTWFPhwh+C8Cg7j7XyKrwrj8Ib6vYXe0ocYNrmzY4xAAN6ug==",
            "license": "MIT",
            "engines": {
                "node": ">= 14"
            }
        },
        "node_modules/groq-sdk": {
            "version": "0.4.0",
            "resolved": "https://registry.npmjs.org/groq-sdk/-/groq-sdk-0.4.0.tgz",
            "integrity": "sha512-h79q9sv4hcOBESR05N5eqHlGhAug9H9lr3EIiB+37ysWWekeG+KYQDK2lIIHYCm6O9LzgZzO/VdLdPP298+T0w==",
            "license": "Apache-2.0",
            "dependencies": {
                "@types/node": "^18.11.18",
                "@types/node-fetch": "^2.6.4",
                "abort-controller": "^3.0.0",
                "agentkeepalive": "^4.2.1",
                "form-data-encoder": "1.7.2",
                "formdata-node": "^4.3.2",
                "node-fetch": "^2.6.7",
                "web-streams-polyfill": "^3.2.1"
            }
        },
        "node_modules/humanize-ms": {
            "version": "1.2.1",
            "resolved": "https://registry.npmjs.org/humanize-ms/-/humanize-ms-1.2.1.tgz",
            "integrity": "sha512-Fl70vYtsAFb/C06PTS9dZBo7ihau+Tu/DNCk/OyHhea07S+aeMWpFFkUaXRa8fI+ScZbEI8dfSxwY7gxZ9SAVQ==",
            "license": "MIT",
            "dependencies": {
                "ms": "^2.0.0"
            }
        },
        "node_modules/mime-db": {
            "version": "1.52.0",
            "resolved": "https://registry.npmjs.org/mime-db/-/mime-db-1.52.0.tgz",
            "integrity": "sha512-sPU4uV7dYlvtWJxwwxHD0PuihVNiE7TyAbQ5SWxDCB9mUYvOgroQOwYQQOKPJ8CIbE+1ETVlOoK1UC2nU3gYvg==",
            "license": "MIT",
            "engines": {
                "node": ">= 0.6"
            }
        },
        "node_modules/mime-types": {
            "version": "2.1.35",
            "resolved": "https://registry.npmjs.org/mime-types/-/mime-types-2.1.35.tgz",
            "integrity": "sha512-ZDY+bPm5zTTF+YpCrAU9nK0UgICYPT0QtT1NZWFv4s++TNkcgVaT0g6+4R2uI4MjQjzysHB1zxuWL50hzaeXiw==",
            "license": "MIT",
            "dependencies": {
                "mime-db": "1.52.0"
            },
            "engines": {
                "node": ">= 0.6"
            }
        },
        "node_modules/ms": {
            "version": "2.1.3",
            "resolved": "https://registry.npmjs.org/ms/-/ms-2.1.3.tgz",
            "integrity": "sha512-6FlzubTLZG3J2a/NVCAleEhjzq5oxgHyaCU9yYXvcLsvoVaHJq/s5xXI6/XXP6tz7R9xAOtHnSO/tXtF3WRTlA==",
            "license": "MIT"
        },
        "node_modules/node-domexception": {
            "version": "1.0.0",
            "resolved": "https://registry.npmjs.org/node-domexception/-/node-domexception-1.0.0.tgz",
            "integrity": "sha512-/jKZoMpw0F8GRwl4/eLROPA3cfcXtLApP0QzLmUT/HuPCZWyB7IY9ZrMeKw2O/nFIqPQB3PVM9aYm0F312AXDQ==",
            "funding": [
                {
                    "type": "github",
                    "url": "https://github.com/sponsors/jimmywarting"
                },
                {
                    "type": "github",
                    "url": "https://paypal.me/jimmywarting"
                }
            ],
            "license": "MIT",
            "engines": {
                "node": ">=10.5.0"
            }
        },
        "node_modules/node-fetch": {
            "version": "2.7.0",
            "resolved": "https://registry.npmjs.org/node-fetch/-/node-fetch-2.7.0.tgz",
            "integrity": "sha512-c4FRfUm/dbcWZ7U+1Wq0AwCyFL+3nt2bEw05wfxSz+DWpWsitgmSgYmy2dQdWyKC1694ELPqMs/YzUSNozLt8A==",
            "license": "MIT",
            "dependencies": {
                "whatwg-url": "^5.0.0"
            },
            "engines": {
                "node": "4.x || >=6.0.0"
            },
            "peerDependencies": {
                "encoding": "^0.1.0"
            },
            "peerDependenciesMeta": {
                "encoding": {
                    "optional": true
                }
            }
        },
        "node_modules/tr46": {
            "version": "0.0.3",
            "resolved": "https://registry.npmjs.org/tr46/-/tr46-0.0.3.tgz",
            "integrity": "sha512-N3WMsuqV66lT30CrXNbEjx4GEwlow3v6rr4mCcv6prnfwhS01rkgyFdjPNBYd9br7LpXV1+Emh01fHnq2Gdgrw==",
            "license": "MIT"
        },
        "node_modules/undici-types": {
            "version": "5.26.5",
            "resolved": "https://registry.npmjs.org/undici-types/-/undici-types-5.26.5.tgz",
            "integrity": "sha512-JlCMO+ehdEIKqlFxk6IfVoAUVmgz7cU7zD/h9XZ0qzeosSHmUJVOzSQvvYSYWXkFXC+IfLKSIffhv0sVZup6pA==",
            "license": "MIT"
        },
        "node_modules/web-streams-polyfill": {
            "version": "3.3.3",
            "resolved": "https://registry.npmjs.org/web-streams-polyfill/-/web-streams-polyfill-3.3.3.tgz",
            "integrity": "sha512-d2JWLCivmZYTSIoge9MsgFCZrt571BikcWGYkjC1khllbTeDlGqZ2D8vD8E/lJa8WGWbb7Plm8/XJYV7IJHZZw==",
            "license": "MIT",
            "engines": {
                "node": ">= 8"
            }
        },
        "node_modules/webidl-conversions": {
            "version": "3.0.1",
            "resolved": "https://registry.npmjs.org/webidl-conversions/-/webidl-conversions-3.0.1.tgz",
            "integrity": "sha512-2JAn3z8AR6rjK8Sm8orRC0h/bcl/DqL7tRPdGZ4I1CjdF+EaMLmYxBHyXuKL849eucPFhvBoxMsflfOb8kxaeQ==",
            "license": "BSD-2-Clause"
        },
        "node_modules/whatwg-url": {
            "version": "5.0.0",
            "resolved": "https://registry.npmjs.org/whatwg-url/-/whatwg-url-5.0.0.tgz",
            "integrity": "sha512-saE57nupxk6v3HY35+jzBwYa0rKSy0XR8JSxZPwgLr7ys0IBzhGviA1/TUGJLmSVqs8pb9AnvICXEuOHLprYTw==",
            "license": "MIT",
            "dependencies": {
                "tr46": "~0.0.3",
                "webidl-conversions": "^3.0.0"
            }
        }
    }
}
